
Microsoft Visual Studio Solution File, Format Version 12.00
# Visual Studio 15
Project("{FAE04EC0-301F-11D3-BF4B-00C04F79EFBC}") = "UnityEngine.TestRunner", "UnityEngine.TestRunner.csproj", "{E60C561C-50D3-1602-F571-2B887EE01A81}"
EndProject
Project("{FAE04EC0-301F-11D3-BF4B-00C04F79EFBC}") = "Unity.Mathematics", "Unity.Mathematics.csproj", "{EFA95DD9-726C-5ED7-3268-BA50CF861E9C}"
EndProject
Project("{FAE04EC0-301F-11D3-BF4B-00C04F79EFBC}") = "Unity.2D.Animation.Triangle.Runtime", "Unity.2D.Animation.Triangle.Runtime.csproj", "{A4143156-A99F-5048-F527-95416468CED9}"
EndProject
Project("{FAE04EC0-301F-11D3-BF4B-00C04F79EFBC}") = "Unity.Timeline", "Unity.Timeline.csproj", "{87EDF457-D26A-F977-6155-582B1FE4ECB8}"
EndProject
Project("{FAE04EC0-301F-11D3-BF4B-00C04F79EFBC}") = "UnityEngine.UI", "UnityEngine.UI.csproj", "{AF7D281C-2E97-3EBE-D044-89497B872E41}"
EndProject
Project("{FAE04EC0-301F-11D3-BF4B-00C04F79EFBC}") = "Unity.TextMeshPro", "Unity.TextMeshPro.csproj", "{81743E0A-A53C-5EFF-3D61-B017D7A2BED6}"
EndProject
Project("{FAE04EC0-301F-11D3-BF4B-00C04F79EFBC}") = "Unity.2D.Animation.Runtime", "Unity.2D.Animation.Runtime.csproj", "{FA94E815-8D4B-DC71-9B2E-7773A8F27FDC}"
EndProject
Project("{FAE04EC0-301F-11D3-BF4B-00C04F79EFBC}") = "Unity.2D.IK.Runtime", "Unity.2D.IK.Runtime.csproj", "{1370292B-2EFE-934B-5F85-52CAA44FC5FD}"
EndProject
Project("{FAE04EC0-301F-11D3-BF4B-00C04F79EFBC}") = "Unity.2D.SpriteShape.Runtime", "Unity.2D.SpriteShape.Runtime.csproj", "{3FC35FB9-CE9E-31AF-DDEC-2E48A7E73A9F}"
EndProject
Project("{FAE04EC0-301F-11D3-BF4B-00C04F79EFBC}") = "Unity.2D.PixelPerfect", "Unity.2D.PixelPerfect.csproj", "{D2B8ED62-C40B-0206-10BC-E020D550EC08}"
EndProject
Project("{FAE04EC0-301F-11D3-BF4B-00C04F79EFBC}") = "Assembly-CSharp", "Assembly-CSharp.csproj", "{73F99D6A-A190-F4DF-B58D-EAF886FA5975}"
EndProject
Project("{FAE04EC0-301F-11D3-BF4B-00C04F79EFBC}") = "Unity.2D.Common.Runtime", "Unity.2D.Common.Runtime.csproj", "{623B1942-37B6-D2F6-554E-7ED5D5E700DB}"
EndProject
Project("{FAE04EC0-301F-11D3-BF4B-00C04F79EFBC}") = "Unity.InternalAPIEngineBridge.001", "Unity.InternalAPIEngineBridge.001.csproj", "{27AADBC6-C47C-05BB-AF0C-F1223697AEE6}"
EndProject
Project("{FAE04EC0-301F-11D3-BF4B-00C04F79EFBC}") = "UnityEditor.TestRunner", "UnityEditor.TestRunner.csproj", "{783B7ED7-08DD-E284-E0C4-F0102C92B6B9}"
EndProject
Project("{FAE04EC0-301F-11D3-BF4B-00C04F79EFBC}") = "Unity.PlasticSCM.Editor", "Unity.PlasticSCM.Editor.csproj", "{BA3B6BE1-6C3A-3D29-60AD-C65134E6012F}"
EndProject
Project("{FAE04EC0-301F-11D3-BF4B-00C04F79EFBC}") = "UnityEditor.UI", "UnityEditor.UI.csproj", "{B9ACF581-2EFA-6BD6-DDB0-E9185924ADF7}"
EndProject
Project("{FAE04EC0-301F-11D3-BF4B-00C04F79EFBC}") = "Unity.Services.Core.Editor", "Unity.Services.Core.Editor.csproj", "{D8E1910B-A832-019F-FE43-C19FD0408D3F}"
EndProject
Project("{FAE04EC0-301F-11D3-BF4B-00C04F79EFBC}") = "Unity.Timeline.Editor", "Unity.Timeline.Editor.csproj", "{DF8D99C0-295B-5AA8-51EF-AA1E65E4C266}"
EndProject
Project("{FAE04EC0-301F-11D3-BF4B-00C04F79EFBC}") = "Unity.VisualStudio.Editor", "Unity.VisualStudio.Editor.csproj", "{9822B359-233D-0772-B552-320187628712}"
EndProject
Project("{FAE04EC0-301F-11D3-BF4B-00C04F79EFBC}") = "Unity.2D.Psdimporter.Editor", "Unity.2D.Psdimporter.Editor.csproj", "{7CEC2635-C68D-8F48-5C70-FB9A28A9DEC5}"
EndProject
Project("{FAE04EC0-301F-11D3-BF4B-00C04F79EFBC}") = "Unity.2D.Animation.Editor", "Unity.2D.Animation.Editor.csproj", "{CBF4F52F-4884-3703-8966-5D84A68DD2A6}"
EndProject
Project("{FAE04EC0-301F-11D3-BF4B-00C04F79EFBC}") = "Unity.TextMeshPro.Editor", "Unity.TextMeshPro.Editor.csproj", "{BACE4CC6-A2CC-62A5-CD24-F750BAA493B0}"
EndProject
Project("{FAE04EC0-301F-11D3-BF4B-00C04F79EFBC}") = "Unity.2D.SpriteShape.Editor", "Unity.2D.SpriteShape.Editor.csproj", "{05ED0B5B-3077-2A32-8B2F-AAF2641B6135}"
EndProject
Project("{FAE04EC0-301F-11D3-BF4B-00C04F79EFBC}") = "Unity.CollabProxy.Editor", "Unity.CollabProxy.Editor.csproj", "{A9206782-E247-3549-160F-451F99955C36}"
EndProject
Project("{FAE04EC0-301F-11D3-BF4B-00C04F79EFBC}") = "PsdPlugin", "PsdPlugin.csproj", "{D0DCF715-7DAE-7F03-0BE1-22B0B9415D08}"
EndProject
Project("{FAE04EC0-301F-11D3-BF4B-00C04F79EFBC}") = "Unity.2D.Path.Editor", "Unity.2D.Path.Editor.csproj", "{DBEF212C-538B-F04A-E5CD-6E115717A858}"
EndProject
Project("{FAE04EC0-301F-11D3-BF4B-00C04F79EFBC}") = "Unity.Rider.Editor", "Unity.Rider.Editor.csproj", "{8FC5064D-97CD-7097-0954-825AFA62E304}"
EndProject
Project("{FAE04EC0-301F-11D3-BF4B-00C04F79EFBC}") = "Unity.2D.IK.Editor", "Unity.2D.IK.Editor.csproj", "{DD5AD18D-0516-EA8B-5EE1-366F3410848A}"
EndProject
Project("{FAE04EC0-301F-11D3-BF4B-00C04F79EFBC}") = "Unity.2D.Sprite.Editor", "Unity.2D.Sprite.Editor.csproj", "{7A0FC4E1-08EF-0E7C-DC8B-6966E561B0CA}"
EndProject
Project("{FAE04EC0-301F-11D3-BF4B-00C04F79EFBC}") = "Unity.2D.Tilemap.Editor", "Unity.2D.Tilemap.Editor.csproj", "{72D3AF01-41B1-6C94-33EE-8D95935A8DAC}"
EndProject
Project("{FAE04EC0-301F-11D3-BF4B-00C04F79EFBC}") = "Unity.2D.PixelPerfect.Editor", "Unity.2D.PixelPerfect.Editor.csproj", "{CB11F7A7-869A-26D5-83A0-133148865BC5}"
EndProject
Project("{FAE04EC0-301F-11D3-BF4B-00C04F79EFBC}") = "Unity.VSCode.Editor", "Unity.VSCode.Editor.csproj", "{947256D6-22B6-1CBD-F1F1-5BB971874078}"
EndProject
Project("{FAE04EC0-301F-11D3-BF4B-00C04F79EFBC}") = "Unity.2D.Common.Editor", "Unity.2D.Common.Editor.csproj", "{1FF1F9B6-7E37-8FF6-A643-F956EE01699D}"
EndProject
Project("{FAE04EC0-301F-11D3-BF4B-00C04F79EFBC}") = "Unity.Mathematics.Editor", "Unity.Mathematics.Editor.csproj", "{0B9AE6C9-AE0A-40FA-A1E1-BF07D0F22636}"
EndProject
Project("{FAE04EC0-301F-11D3-BF4B-00C04F79EFBC}") = "Unity.InternalAPIEditorBridge.001", "Unity.InternalAPIEditorBridge.001.csproj", "{D5424949-E5AC-FB19-8D1D-EC1D4001A061}"
EndProject
Project("{FAE04EC0-301F-11D3-BF4B-00C04F79EFBC}") = "UnityEngine.TestRunner", "UnityEngine.TestRunner.Player.csproj", "{052C556A-3C3C-2111-3C9F-22C083258630}"
EndProject
Project("{FAE04EC0-301F-11D3-BF4B-00C04F79EFBC}") = "Unity.Mathematics", "Unity.Mathematics.Player.csproj", "{8777745F-64DD-8D8F-F5D5-079279A46712}"
EndProject
Project("{FAE04EC0-301F-11D3-BF4B-00C04F79EFBC}") = "Unity.2D.Animation.Triangle.Runtime", "Unity.2D.Animation.Triangle.Runtime.Player.csproj", "{9A1422D7-F322-1D38-534F-F507CEB70763}"
EndProject
Project("{FAE04EC0-301F-11D3-BF4B-00C04F79EFBC}") = "Unity.Timeline", "Unity.Timeline.Player.csproj", "{4C5455C6-A365-5B12-7FD5-AD62692104C6}"
EndProject
Project("{FAE04EC0-301F-11D3-BF4B-00C04F79EFBC}") = "UnityEngine.UI", "UnityEngine.UI.Player.csproj", "{65F77620-333B-EED5-0B87-A069BA46CE43}"
EndProject
Project("{FAE04EC0-301F-11D3-BF4B-00C04F79EFBC}") = "Unity.TextMeshPro", "Unity.TextMeshPro.Player.csproj", "{6254F169-EEC5-FD96-DCED-2F5312A49A31}"
EndProject
Project("{FAE04EC0-301F-11D3-BF4B-00C04F79EFBC}") = "Unity.2D.Animation.Runtime", "Unity.2D.Animation.Runtime.Player.csproj", "{EB64C35F-8ED1-4BB1-CB1B-D574A391E3CF}"
EndProject
Project("{FAE04EC0-301F-11D3-BF4B-00C04F79EFBC}") = "Unity.2D.IK.Runtime", "Unity.2D.IK.Runtime.Player.csproj", "{BF038407-F0C6-F8FC-7DB3-EE6B7D32F27B}"
EndProject
Project("{FAE04EC0-301F-11D3-BF4B-00C04F79EFBC}") = "Unity.2D.SpriteShape.Runtime", "Unity.2D.SpriteShape.Runtime.Player.csproj", "{B3248BA9-F233-73C3-2BFA-56AC793D304B}"
EndProject
Project("{FAE04EC0-301F-11D3-BF4B-00C04F79EFBC}") = "Unity.2D.PixelPerfect", "Unity.2D.PixelPerfect.Player.csproj", "{F7BFF68C-3BD8-612C-9958-A52A565D125A}"
EndProject
Project("{FAE04EC0-301F-11D3-BF4B-00C04F79EFBC}") = "Assembly-CSharp", "Assembly-CSharp.Player.csproj", "{B88EE9F7-2E41-8A8E-298E-905D327D2EA9}"
EndProject
Project("{FAE04EC0-301F-11D3-BF4B-00C04F79EFBC}") = "Unity.2D.Common.Runtime", "Unity.2D.Common.Runtime.Player.csproj", "{4C797F39-B2F0-3653-F022-7EA02BD48950}"
EndProject
Project("{FAE04EC0-301F-11D3-BF4B-00C04F79EFBC}") = "Unity.InternalAPIEngineBridge.001", "Unity.InternalAPIEngineBridge.001.Player.csproj", "{46161BAF-7FEC-58A1-ABE5-5699A50C8FBA}"
EndProject
Global
	GlobalSection(SolutionConfigurationPlatforms) = preSolution
		Debug|Any CPU = Debug|Any CPU
		Release|Any CPU = Release|Any CPU
	EndGlobalSection
	GlobalSection(ProjectConfigurationPlatforms) = postSolution
		{E60C561C-50D3-1602-F571-2B887EE01A81}.Debug|Any CPU.ActiveCfg = Debug|Any CPU
		{E60C561C-50D3-1602-F571-2B887EE01A81}.Debug|Any CPU.Build.0 = Debug|Any CPU
		{E60C561C-50D3-1602-F571-2B887EE01A81}.Release|Any CPU.ActiveCfg = Release|Any CPU
		{E60C561C-50D3-1602-F571-2B887EE01A81}.Release|Any CPU.Build.0 = Release|Any CPU
		{EFA95DD9-726C-5ED7-3268-BA50CF861E9C}.Debug|Any CPU.ActiveCfg = Debug|Any CPU
		{EFA95DD9-726C-5ED7-3268-BA50CF861E9C}.Debug|Any CPU.Build.0 = Debug|Any CPU
		{EFA95DD9-726C-5ED7-3268-BA50CF861E9C}.Release|Any CPU.ActiveCfg = Release|Any CPU
		{EFA95DD9-726C-5ED7-3268-BA50CF861E9C}.Release|Any CPU.Build.0 = Release|Any CPU
		{A4143156-A99F-5048-F527-95416468CED9}.Debug|Any CPU.ActiveCfg = Debug|Any CPU
		{A4143156-A99F-5048-F527-95416468CED9}.Debug|Any CPU.Build.0 = Debug|Any CPU
		{A4143156-A99F-5048-F527-95416468CED9}.Release|Any CPU.ActiveCfg = Release|Any CPU
		{A4143156-A99F-5048-F527-95416468CED9}.Release|Any CPU.Build.0 = Release|Any CPU
		{87EDF457-D26A-F977-6155-582B1FE4ECB8}.Debug|Any CPU.ActiveCfg = Debug|Any CPU
		{87EDF457-D26A-F977-6155-582B1FE4ECB8}.Debug|Any CPU.Build.0 = Debug|Any CPU
		{87EDF457-D26A-F977-6155-582B1FE4ECB8}.Release|Any CPU.ActiveCfg = Release|Any CPU
		{87EDF457-D26A-F977-6155-582B1FE4ECB8}.Release|Any CPU.Build.0 = Release|Any CPU
		{AF7D281C-2E97-3EBE-D044-89497B872E41}.Debug|Any CPU.ActiveCfg = Debug|Any CPU
		{AF7D281C-2E97-3EBE-D044-89497B872E41}.Debug|Any CPU.Build.0 = Debug|Any CPU
		{AF7D281C-2E97-3EBE-D044-89497B872E41}.Release|Any CPU.ActiveCfg = Release|Any CPU
		{AF7D281C-2E97-3EBE-D044-89497B872E41}.Release|Any CPU.Build.0 = Release|Any CPU
		{81743E0A-A53C-5EFF-3D61-B017D7A2BED6}.Debug|Any CPU.ActiveCfg = Debug|Any CPU
		{81743E0A-A53C-5EFF-3D61-B017D7A2BED6}.Debug|Any CPU.Build.0 = Debug|Any CPU
		{81743E0A-A53C-5EFF-3D61-B017D7A2BED6}.Release|Any CPU.ActiveCfg = Release|Any CPU
		{81743E0A-A53C-5EFF-3D61-B017D7A2BED6}.Release|Any CPU.Build.0 = Release|Any CPU
		{FA94E815-8D4B-DC71-9B2E-7773A8F27FDC}.Debug|Any CPU.ActiveCfg = Debug|Any CPU
		{FA94E815-8D4B-DC71-9B2E-7773A8F27FDC}.Debug|Any CPU.Build.0 = Debug|Any CPU
		{FA94E815-8D4B-DC71-9B2E-7773A8F27FDC}.Release|Any CPU.ActiveCfg = Release|Any CPU
		{FA94E815-8D4B-DC71-9B2E-7773A8F27FDC}.Release|Any CPU.Build.0 = Release|Any CPU
		{1370292B-2EFE-934B-5F85-52CAA44FC5FD}.Debug|Any CPU.ActiveCfg = Debug|Any CPU
		{1370292B-2EFE-934B-5F85-52CAA44FC5FD}.Debug|Any CPU.Build.0 = Debug|Any CPU
		{1370292B-2EFE-934B-5F85-52CAA44FC5FD}.Release|Any CPU.ActiveCfg = Release|Any CPU
		{1370292B-2EFE-934B-5F85-52CAA44FC5FD}.Release|Any CPU.Build.0 = Release|Any CPU
		{3FC35FB9-CE9E-31AF-DDEC-2E48A7E73A9F}.Debug|Any CPU.ActiveCfg = Debug|Any CPU
		{3FC35FB9-CE9E-31AF-DDEC-2E48A7E73A9F}.Debug|Any CPU.Build.0 = Debug|Any CPU
		{3FC35FB9-CE9E-31AF-DDEC-2E48A7E73A9F}.Release|Any CPU.ActiveCfg = Release|Any CPU
		{3FC35FB9-CE9E-31AF-DDEC-2E48A7E73A9F}.Release|Any CPU.Build.0 = Release|Any CPU
		{D2B8ED62-C40B-0206-10BC-E020D550EC08}.Debug|Any CPU.ActiveCfg = Debug|Any CPU
		{D2B8ED62-C40B-0206-10BC-E020D550EC08}.Debug|Any CPU.Build.0 = Debug|Any CPU
		{D2B8ED62-C40B-0206-10BC-E020D550EC08}.Release|Any CPU.ActiveCfg = Release|Any CPU
		{D2B8ED62-C40B-0206-10BC-E020D550EC08}.Release|Any CPU.Build.0 = Release|Any CPU
		{73F99D6A-A190-F4DF-B58D-EAF886FA5975}.Debug|Any CPU.ActiveCfg = Debug|Any CPU
		{73F99D6A-A190-F4DF-B58D-EAF886FA5975}.Debug|Any CPU.Build.0 = Debug|Any CPU
		{73F99D6A-A190-F4DF-B58D-EAF886FA5975}.Release|Any CPU.ActiveCfg = Release|Any CPU
		{73F99D6A-A190-F4DF-B58D-EAF886FA5975}.Release|Any CPU.Build.0 = Release|Any CPU
		{623B1942-37B6-D2F6-554E-7ED5D5E700DB}.Debug|Any CPU.ActiveCfg = Debug|Any CPU
		{623B1942-37B6-D2F6-554E-7ED5D5E700DB}.Debug|Any CPU.Build.0 = Debug|Any CPU
		{623B1942-37B6-D2F6-554E-7ED5D5E700DB}.Release|Any CPU.ActiveCfg = Release|Any CPU
		{623B1942-37B6-D2F6-554E-7ED5D5E700DB}.Release|Any CPU.Build.0 = Release|Any CPU
		{27AADBC6-C47C-05BB-AF0C-F1223697AEE6}.Debug|Any CPU.ActiveCfg = Debug|Any CPU
		{27AADBC6-C47C-05BB-AF0C-F1223697AEE6}.Debug|Any CPU.Build.0 = Debug|Any CPU
		{27AADBC6-C47C-05BB-AF0C-F1223697AEE6}.Release|Any CPU.ActiveCfg = Release|Any CPU
		{27AADBC6-C47C-05BB-AF0C-F1223697AEE6}.Release|Any CPU.Build.0 = Release|Any CPU
		{783B7ED7-08DD-E284-E0C4-F0102C92B6B9}.Debug|Any CPU.ActiveCfg = Debug|Any CPU
		{783B7ED7-08DD-E284-E0C4-F0102C92B6B9}.Debug|Any CPU.Build.0 = Debug|Any CPU
		{783B7ED7-08DD-E284-E0C4-F0102C92B6B9}.Release|Any CPU.ActiveCfg = Release|Any CPU
		{783B7ED7-08DD-E284-E0C4-F0102C92B6B9}.Release|Any CPU.Build.0 = Release|Any CPU
		{BA3B6BE1-6C3A-3D29-60AD-C65134E6012F}.Debug|Any CPU.ActiveCfg = Debug|Any CPU
		{BA3B6BE1-6C3A-3D29-60AD-C65134E6012F}.Debug|Any CPU.Build.0 = Debug|Any CPU
		{BA3B6BE1-6C3A-3D29-60AD-C65134E6012F}.Release|Any CPU.ActiveCfg = Release|Any CPU
		{BA3B6BE1-6C3A-3D29-60AD-C65134E6012F}.Release|Any CPU.Build.0 = Release|Any CPU
		{B9ACF581-2EFA-6BD6-DDB0-E9185924ADF7}.Debug|Any CPU.ActiveCfg = Debug|Any CPU
		{B9ACF581-2EFA-6BD6-DDB0-E9185924ADF7}.Debug|Any CPU.Build.0 = Debug|Any CPU
		{B9ACF581-2EFA-6BD6-DDB0-E9185924ADF7}.Release|Any CPU.ActiveCfg = Release|Any CPU
		{B9ACF581-2EFA-6BD6-DDB0-E9185924ADF7}.Release|Any CPU.Build.0 = Release|Any CPU
		{D8E1910B-A832-019F-FE43-C19FD0408D3F}.Debug|Any CPU.ActiveCfg = Debug|Any CPU
		{D8E1910B-A832-019F-FE43-C19FD0408D3F}.Debug|Any CPU.Build.0 = Debug|Any CPU
		{D8E1910B-A832-019F-FE43-C19FD0408D3F}.Release|Any CPU.ActiveCfg = Release|Any CPU
		{D8E1910B-A832-019F-FE43-C19FD0408D3F}.Release|Any CPU.Build.0 = Release|Any CPU
		{DF8D99C0-295B-5AA8-51EF-AA1E65E4C266}.Debug|Any CPU.ActiveCfg = Debug|Any CPU
		{DF8D99C0-295B-5AA8-51EF-AA1E65E4C266}.Debug|Any CPU.Build.0 = Debug|Any CPU
		{DF8D99C0-295B-5AA8-51EF-AA1E65E4C266}.Release|Any CPU.ActiveCfg = Release|Any CPU
		{DF8D99C0-295B-5AA8-51EF-AA1E65E4C266}.Release|Any CPU.Build.0 = Release|Any CPU
		{9822B359-233D-0772-B552-320187628712}.Debug|Any CPU.ActiveCfg = Debug|Any CPU
		{9822B359-233D-0772-B552-320187628712}.Debug|Any CPU.Build.0 = Debug|Any CPU
		{9822B359-233D-0772-B552-320187628712}.Release|Any CPU.ActiveCfg = Release|Any CPU
		{9822B359-233D-0772-B552-320187628712}.Release|Any CPU.Build.0 = Release|Any CPU
		{7CEC2635-C68D-8F48-5C70-FB9A28A9DEC5}.Debug|Any CPU.ActiveCfg = Debug|Any CPU
		{7CEC2635-C68D-8F48-5C70-FB9A28A9DEC5}.Debug|Any CPU.Build.0 = Debug|Any CPU
		{7CEC2635-C68D-8F48-5C70-FB9A28A9DEC5}.Release|Any CPU.ActiveCfg = Release|Any CPU
		{7CEC2635-C68D-8F48-5C70-FB9A28A9DEC5}.Release|Any CPU.Build.0 = Release|Any CPU
		{CBF4F52F-4884-3703-8966-5D84A68DD2A6}.Debug|Any CPU.ActiveCfg = Debug|Any CPU
		{CBF4F52F-4884-3703-8966-5D84A68DD2A6}.Debug|Any CPU.Build.0 = Debug|Any CPU
		{CBF4F52F-4884-3703-8966-5D84A68DD2A6}.Release|Any CPU.ActiveCfg = Release|Any CPU
		{CBF4F52F-4884-3703-8966-5D84A68DD2A6}.Release|Any CPU.Build.0 = Release|Any CPU
		{BACE4CC6-A2CC-62A5-CD24-F750BAA493B0}.Debug|Any CPU.ActiveCfg = Debug|Any CPU
		{BACE4CC6-A2CC-62A5-CD24-F750BAA493B0}.Debug|Any CPU.Build.0 = Debug|Any CPU
		{BACE4CC6-A2CC-62A5-CD24-F750BAA493B0}.Release|Any CPU.ActiveCfg = Release|Any CPU
		{BACE4CC6-A2CC-62A5-CD24-F750BAA493B0}.Release|Any CPU.Build.0 = Release|Any CPU
		{05ED0B5B-3077-2A32-8B2F-AAF2641B6135}.Debug|Any CPU.ActiveCfg = Debug|Any CPU
		{05ED0B5B-3077-2A32-8B2F-AAF2641B6135}.Debug|Any CPU.Build.0 = Debug|Any CPU
		{05ED0B5B-3077-2A32-8B2F-AAF2641B6135}.Release|Any CPU.ActiveCfg = Release|Any CPU
		{05ED0B5B-3077-2A32-8B2F-AAF2641B6135}.Release|Any CPU.Build.0 = Release|Any CPU
		{A9206782-E247-3549-160F-451F99955C36}.Debug|Any CPU.ActiveCfg = Debug|Any CPU
		{A9206782-E247-3549-160F-451F99955C36}.Debug|Any CPU.Build.0 = Debug|Any CPU
		{A9206782-E247-3549-160F-451F99955C36}.Release|Any CPU.ActiveCfg = Release|Any CPU
		{A9206782-E247-3549-160F-451F99955C36}.Release|Any CPU.Build.0 = Release|Any CPU
		{D0DCF715-7DAE-7F03-0BE1-22B0B9415D08}.Debug|Any CPU.ActiveCfg = Debug|Any CPU
		{D0DCF715-7DAE-7F03-0BE1-22B0B9415D08}.Debug|Any CPU.Build.0 = Debug|Any CPU
		{D0DCF715-7DAE-7F03-0BE1-22B0B9415D08}.Release|Any CPU.ActiveCfg = Release|Any CPU
		{D0DCF715-7DAE-7F03-0BE1-22B0B9415D08}.Release|Any CPU.Build.0 = Release|Any CPU
		{DBEF212C-538B-F04A-E5CD-6E115717A858}.Debug|Any CPU.ActiveCfg = Debug|Any CPU
		{DBEF212C-538B-F04A-E5CD-6E115717A858}.Debug|Any CPU.Build.0 = Debug|Any CPU
		{DBEF212C-538B-F04A-E5CD-6E115717A858}.Release|Any CPU.ActiveCfg = Release|Any CPU
		{DBEF212C-538B-F04A-E5CD-6E115717A858}.Release|Any CPU.Build.0 = Release|Any CPU
		{8FC5064D-97CD-7097-0954-825AFA62E304}.Debug|Any CPU.ActiveCfg = Debug|Any CPU
		{8FC5064D-97CD-7097-0954-825AFA62E304}.Debug|Any CPU.Build.0 = Debug|Any CPU
		{8FC5064D-97CD-7097-0954-825AFA62E304}.Release|Any CPU.ActiveCfg = Release|Any CPU
		{8FC5064D-97CD-7097-0954-825AFA62E304}.Release|Any CPU.Build.0 = Release|Any CPU
		{DD5AD18D-0516-EA8B-5EE1-366F3410848A}.Debug|Any CPU.ActiveCfg = Debug|Any CPU
		{DD5AD18D-0516-EA8B-5EE1-366F3410848A}.Debug|Any CPU.Build.0 = Debug|Any CPU
		{DD5AD18D-0516-EA8B-5EE1-366F3410848A}.Release|Any CPU.ActiveCfg = Release|Any CPU
		{DD5AD18D-0516-EA8B-5EE1-366F3410848A}.Release|Any CPU.Build.0 = Release|Any CPU
		{7A0FC4E1-08EF-0E7C-DC8B-6966E561B0CA}.Debug|Any CPU.ActiveCfg = Debug|Any CPU
		{7A0FC4E1-08EF-0E7C-DC8B-6966E561B0CA}.Debug|Any CPU.Build.0 = Debug|Any CPU
		{7A0FC4E1-08EF-0E7C-DC8B-6966E561B0CA}.Release|Any CPU.ActiveCfg = Release|Any CPU
		{7A0FC4E1-08EF-0E7C-DC8B-6966E561B0CA}.Release|Any CPU.Build.0 = Release|Any CPU
		{72D3AF01-41B1-6C94-33EE-8D95935A8DAC}.Debug|Any CPU.ActiveCfg = Debug|Any CPU
		{72D3AF01-41B1-6C94-33EE-8D95935A8DAC}.Debug|Any CPU.Build.0 = Debug|Any CPU
		{72D3AF01-41B1-6C94-33EE-8D95935A8DAC}.Release|Any CPU.ActiveCfg = Release|Any CPU
		{72D3AF01-41B1-6C94-33EE-8D95935A8DAC}.Release|Any CPU.Build.0 = Release|Any CPU
		{CB11F7A7-869A-26D5-83A0-133148865BC5}.Debug|Any CPU.ActiveCfg = Debug|Any CPU
		{CB11F7A7-869A-26D5-83A0-133148865BC5}.Debug|Any CPU.Build.0 = Debug|Any CPU
		{CB11F7A7-869A-26D5-83A0-133148865BC5}.Release|Any CPU.ActiveCfg = Release|Any CPU
		{CB11F7A7-869A-26D5-83A0-133148865BC5}.Release|Any CPU.Build.0 = Release|Any CPU
		{947256D6-22B6-1CBD-F1F1-5BB971874078}.Debug|Any CPU.ActiveCfg = Debug|Any CPU
		{947256D6-22B6-1CBD-F1F1-5BB971874078}.Debug|Any CPU.Build.0 = Debug|Any CPU
		{947256D6-22B6-1CBD-F1F1-5BB971874078}.Release|Any CPU.ActiveCfg = Release|Any CPU
		{947256D6-22B6-1CBD-F1F1-5BB971874078}.Release|Any CPU.Build.0 = Release|Any CPU
		{1FF1F9B6-7E37-8FF6-A643-F956EE01699D}.Debug|Any CPU.ActiveCfg = Debug|Any CPU
		{1FF1F9B6-7E37-8FF6-A643-F956EE01699D}.Debug|Any CPU.Build.0 = Debug|Any CPU
		{1FF1F9B6-7E37-8FF6-A643-F956EE01699D}.Release|Any CPU.ActiveCfg = Release|Any CPU
		{1FF1F9B6-7E37-8FF6-A643-F956EE01699D}.Release|Any CPU.Build.0 = Release|Any CPU
		{0B9AE6C9-AE0A-40FA-A1E1-BF07D0F22636}.Debug|Any CPU.ActiveCfg = Debug|Any CPU
		{0B9AE6C9-AE0A-40FA-A1E1-BF07D0F22636}.Debug|Any CPU.Build.0 = Debug|Any CPU
		{0B9AE6C9-AE0A-40FA-A1E1-BF07D0F22636}.Release|Any CPU.ActiveCfg = Release|Any CPU
		{0B9AE6C9-AE0A-40FA-A1E1-BF07D0F22636}.Release|Any CPU.Build.0 = Release|Any CPU
		{D5424949-E5AC-FB19-8D1D-EC1D4001A061}.Debug|Any CPU.ActiveCfg = Debug|Any CPU
		{D5424949-E5AC-FB19-8D1D-EC1D4001A061}.Debug|Any CPU.Build.0 = Debug|Any CPU
		{D5424949-E5AC-FB19-8D1D-EC1D4001A061}.Release|Any CPU.ActiveCfg = Release|Any CPU
		{D5424949-E5AC-FB19-8D1D-EC1D4001A061}.Release|Any CPU.Build.0 = Release|Any CPU
		{052C556A-3C3C-2111-3C9F-22C083258630}.Debug|Any CPU.ActiveCfg = Debug|Any CPU
		{052C556A-3C3C-2111-3C9F-22C083258630}.Debug|Any CPU.Build.0 = Debug|Any CPU
		{052C556A-3C3C-2111-3C9F-22C083258630}.Release|Any CPU.ActiveCfg = Release|Any CPU
		{052C556A-3C3C-2111-3C9F-22C083258630}.Release|Any CPU.Build.0 = Release|Any CPU
		{8777745F-64DD-8D8F-F5D5-079279A46712}.Debug|Any CPU.ActiveCfg = Debug|Any CPU
		{8777745F-64DD-8D8F-F5D5-079279A46712}.Debug|Any CPU.Build.0 = Debug|Any CPU
		{8777745F-64DD-8D8F-F5D5-079279A46712}.Release|Any CPU.ActiveCfg = Release|Any CPU
		{8777745F-64DD-8D8F-F5D5-079279A46712}.Release|Any CPU.Build.0 = Release|Any CPU
		{9A1422D7-F322-1D38-534F-F507CEB70763}.Debug|Any CPU.ActiveCfg = Debug|Any CPU
		{9A1422D7-F322-1D38-534F-F507CEB70763}.Debug|Any CPU.Build.0 = Debug|Any CPU
		{9A1422D7-F322-1D38-534F-F507CEB70763}.Release|Any CPU.ActiveCfg = Release|Any CPU
		{9A1422D7-F322-1D38-534F-F507CEB70763}.Release|Any CPU.Build.0 = Release|Any CPU
		{4C5455C6-A365-5B12-7FD5-AD62692104C6}.Debug|Any CPU.ActiveCfg = Debug|Any CPU
		{4C5455C6-A365-5B12-7FD5-AD62692104C6}.Debug|Any CPU.Build.0 = Debug|Any CPU
		{4C5455C6-A365-5B12-7FD5-AD62692104C6}.Release|Any CPU.ActiveCfg = Release|Any CPU
		{4C5455C6-A365-5B12-7FD5-AD62692104C6}.Release|Any CPU.Build.0 = Release|Any CPU
		{65F77620-333B-EED5-0B87-A069BA46CE43}.Debug|Any CPU.ActiveCfg = Debug|Any CPU
		{65F77620-333B-EED5-0B87-A069BA46CE43}.Debug|Any CPU.Build.0 = Debug|Any CPU
		{65F77620-333B-EED5-0B87-A069BA46CE43}.Release|Any CPU.ActiveCfg = Release|Any CPU
		{65F77620-333B-EED5-0B87-A069BA46CE43}.Release|Any CPU.Build.0 = Release|Any CPU
		{6254F169-EEC5-FD96-DCED-2F5312A49A31}.Debug|Any CPU.ActiveCfg = Debug|Any CPU
		{6254F169-EEC5-FD96-DCED-2F5312A49A31}.Debug|Any CPU.Build.0 = Debug|Any CPU
		{6254F169-EEC5-FD96-DCED-2F5312A49A31}.Release|Any CPU.ActiveCfg = Release|Any CPU
		{6254F169-EEC5-FD96-DCED-2F5312A49A31}.Release|Any CPU.Build.0 = Release|Any CPU
		{EB64C35F-8ED1-4BB1-CB1B-D574A391E3CF}.Debug|Any CPU.ActiveCfg = Debug|Any CPU
		{EB64C35F-8ED1-4BB1-CB1B-D574A391E3CF}.Debug|Any CPU.Build.0 = Debug|Any CPU
		{EB64C35F-8ED1-4BB1-CB1B-D574A391E3CF}.Release|Any CPU.ActiveCfg = Release|Any CPU
		{EB64C35F-8ED1-4BB1-CB1B-D574A391E3CF}.Release|Any CPU.Build.0 = Release|Any CPU
		{BF038407-F0C6-F8FC-7DB3-EE6B7D32F27B}.Debug|Any CPU.ActiveCfg = Debug|Any CPU
		{BF038407-F0C6-F8FC-7DB3-EE6B7D32F27B}.Debug|Any CPU.Build.0 = Debug|Any CPU
		{BF038407-F0C6-F8FC-7DB3-EE6B7D32F27B}.Release|Any CPU.ActiveCfg = Release|Any CPU
		{BF038407-F0C6-F8FC-7DB3-EE6B7D32F27B}.Release|Any CPU.Build.0 = Release|Any CPU
		{B3248BA9-F233-73C3-2BFA-56AC793D304B}.Debug|Any CPU.ActiveCfg = Debug|Any CPU
		{B3248BA9-F233-73C3-2BFA-56AC793D304B}.Debug|Any CPU.Build.0 = Debug|Any CPU
		{B3248BA9-F233-73C3-2BFA-56AC793D304B}.Release|Any CPU.ActiveCfg = Release|Any CPU
		{B3248BA9-F233-73C3-2BFA-56AC793D304B}.Release|Any CPU.Build.0 = Release|Any CPU
		{F7BFF68C-3BD8-612C-9958-A52A565D125A}.Debug|Any CPU.ActiveCfg = Debug|Any CPU
		{F7BFF68C-3BD8-612C-9958-A52A565D125A}.Debug|Any CPU.Build.0 = Debug|Any CPU
		{F7BFF68C-3BD8-612C-9958-A52A565D125A}.Release|Any CPU.ActiveCfg = Release|Any CPU
		{F7BFF68C-3BD8-612C-9958-A52A565D125A}.Release|Any CPU.Build.0 = Release|Any CPU
		{B88EE9F7-2E41-8A8E-298E-905D327D2EA9}.Debug|Any CPU.ActiveCfg = Debug|Any CPU
		{B88EE9F7-2E41-8A8E-298E-905D327D2EA9}.Debug|Any CPU.Build.0 = Debug|Any CPU
		{B88EE9F7-2E41-8A8E-298E-905D327D2EA9}.Release|Any CPU.ActiveCfg = Release|Any CPU
		{B88EE9F7-2E41-8A8E-298E-905D327D2EA9}.Release|Any CPU.Build.0 = Release|Any CPU
		{4C797F39-B2F0-3653-F022-7EA02BD48950}.Debug|Any CPU.ActiveCfg = Debug|Any CPU
		{4C797F39-B2F0-3653-F022-7EA02BD48950}.Debug|Any CPU.Build.0 = Debug|Any CPU
		{4C797F39-B2F0-3653-F022-7EA02BD48950}.Release|Any CPU.ActiveCfg = Release|Any CPU
		{4C797F39-B2F0-3653-F022-7EA02BD48950}.Release|Any CPU.Build.0 = Release|Any CPU
		{46161BAF-7FEC-58A1-ABE5-5699A50C8FBA}.Debug|Any CPU.ActiveCfg = Debug|Any CPU
		{46161BAF-7FEC-58A1-ABE5-5699A50C8FBA}.Debug|Any CPU.Build.0 = Debug|Any CPU
		{46161BAF-7FEC-58A1-ABE5-5699A50C8FBA}.Release|Any CPU.ActiveCfg = Release|Any CPU
		{46161BAF-7FEC-58A1-ABE5-5699A50C8FBA}.Release|Any CPU.Build.0 = Release|Any CPU
	EndGlobalSection
	GlobalSection(SolutionProperties) = preSolution
		HideSolutionNode = FALSE
	EndGlobalSection
EndGlobal
